// !$*UTF8*$!
{
	archiveVersion = 1;
	classes = {
	};
	objectVersion = 46;
	objects = {

/* Begin PBXBuildFile section */
		0207DA581B56EA530066E2B4 /* Images.xcassets in Resources */ = {isa = PBXBuildFile; fileRef = 0207DA571B56EA530066E2B4 /* Images.xcassets */; };
		040A103EA66E4B86B1B33FEF /* CoreMedia.framework in Frameworks */ = {isa = PBXBuildFile; fileRef = 74D3F06B274E4B6D8112EEFB /* CoreMedia.framework */; };
		0DFBE38F44524CD1BF1DB11E /* ImageIO.framework in Frameworks */ = {isa = PBXBuildFile; fileRef = BC1EC3BB130E4970954F28A8 /* ImageIO.framework */; settings = {ATTRIBUTES = (Weak, ); }; };
		119DCF6F92204A68ACF75B95 /* PayPalMobileCordovaPlugin.m in Sources */ = {isa = PBXBuildFile; fileRef = 318EE43943BF4D6AAB017D43 /* PayPalMobileCordovaPlugin.m */; };
		1302CD5C21414FB79A0A8DC4 /* CDVInAppBrowser.m in Sources */ = {isa = PBXBuildFile; fileRef = 1ADF3CC545B442299F095F61 /* CDVInAppBrowser.m */; };
		17601413D5954943A1E71CC2 /* QuartzCore.framework in Frameworks */ = {isa = PBXBuildFile; fileRef = 5B270EF750E349079560A838 /* QuartzCore.framework */; };
		1CCD231829B04C12B619F0C1 /* CDVJpegHeaderWriter.m in Sources */ = {isa = PBXBuildFile; fileRef = 8683BCBBCE0440E98E43105F /* CDVJpegHeaderWriter.m */; };
		1D3623260D0F684500981E51 /* AppDelegate.m in Sources */ = {isa = PBXBuildFile; fileRef = 1D3623250D0F684500981E51 /* AppDelegate.m */; };
		1D60589B0D05DD56006BFB54 /* main.m in Sources */ = {isa = PBXBuildFile; fileRef = 29B97316FDCFA39411CA2CEA /* main.m */; };
		1D691B285BC54A45AEAE587E /* CDVCamera.m in Sources */ = {isa = PBXBuildFile; fileRef = D1FA297727B1468494987564 /* CDVCamera.m */; };
		25E712B919544B4193F3D5AC /* libopencv_imgproc.a in Frameworks */ = {isa = PBXBuildFile; fileRef = 43D545FCBFE04C76B3B19F2D /* libopencv_imgproc.a */; };
		27D62952D9C34A3980A4BBB0 /* libPayPalMobile.a in Frameworks */ = {isa = PBXBuildFile; fileRef = ECD438EECE794159ABD124EC /* libPayPalMobile.a */; };
		28E9061555C64219988C0F89 /* Security.framework in Frameworks */ = {isa = PBXBuildFile; fileRef = 775E8E28535D4ED29ABCDCC3 /* Security.framework */; };
		28ED0305E99943AEBED6054D /* SafariServices.framework in Frameworks */ = {isa = PBXBuildFile; fileRef = 3EFE999465C44E3BA7D081E8 /* SafariServices.framework */; };
		301BF552109A68D80062928A /* libCordova.a in Frameworks */ = {isa = PBXBuildFile; fileRef = 301BF535109A57CC0062928A /* libCordova.a */; };
		302D95F114D2391D003F00A1 /* MainViewController.m in Sources */ = {isa = PBXBuildFile; fileRef = 302D95EF14D2391D003F00A1 /* MainViewController.m */; };
		302D95F214D2391D003F00A1 /* MainViewController.xib in Resources */ = {isa = PBXBuildFile; fileRef = 302D95F014D2391D003F00A1 /* MainViewController.xib */; };
		3AD89903CA6145F39956CB93 /* AFNetworkReachabilityManager.m in Sources */ = {isa = PBXBuildFile; fileRef = 081FB721ABC447489955C27A /* AFNetworkReachabilityManager.m */; };
		3EC4AE962F914C76A5A652E8 /* CordovaHttpPlugin.m in Sources */ = {isa = PBXBuildFile; fileRef = D0D6C83225AA46EA844C785C /* CordovaHttpPlugin.m */; };
		3F93289FEBCB4A2C8BEED359 /* AFSecurityPolicy.m in Sources */ = {isa = PBXBuildFile; fileRef = A299045B0C4349AD9EBFD572 /* AFSecurityPolicy.m */; };
		417DA903854546D1A6439A96 /* AFURLRequestSerialization.m in Sources */ = {isa = PBXBuildFile; fileRef = B3CF418B900B4316942142B7 /* AFURLRequestSerialization.m */; };
		4889CFA35E994651AAD78E47 /* AudioToolbox.framework in Frameworks */ = {isa = PBXBuildFile; fileRef = EE7B5478DEC44AD695BEF100 /* AudioToolbox.framework */; };
		4995E90913884B22BA637972 /* Accelerate.framework in Frameworks */ = {isa = PBXBuildFile; fileRef = 2EBA7275DE7F4D20B235EC1B /* Accelerate.framework */; };
		4E316DA098464EC5A318F418 /* libopencv_core.a in Frameworks */ = {isa = PBXBuildFile; fileRef = 4B80204557854E10B0864950 /* libopencv_core.a */; };
		4E4B0FDFE3AA411B8AE272DC /* AFHTTPSessionManager.m in Sources */ = {isa = PBXBuildFile; fileRef = 685A68D4C1C44739A96B63FE /* AFHTTPSessionManager.m */; };
		4EF134D202A442F9B42E7B3F /* CDVViewController+SplashScreen.m in Sources */ = {isa = PBXBuildFile; fileRef = C43192E698D7484B9C07BA19 /* CDVViewController+SplashScreen.m */; };
		5184E689BB624E798C8D91BB /* libPayPalMobile.a in Frameworks */ = {isa = PBXBuildFile; fileRef = EF90F4CE3A3F4F9B819EF0DC /* libPayPalMobile.a */; };
		58DFBB0835BE4443921B2B6B /* UIKit.framework in Frameworks */ = {isa = PBXBuildFile; fileRef = DE2DF289FF59496DB45A515B /* UIKit.framework */; };
		622E1206294246169227A4B4 /* AppVersion.m in Sources */ = {isa = PBXBuildFile; fileRef = 59E504294A864DD39CBF1598 /* AppVersion.m */; };
		63AE4B17059E4586832EB611 /* Toast.m in Sources */ = {isa = PBXBuildFile; fileRef = D88EFF6C6BD84C409CDB74D7 /* Toast.m */; };
		691CB71C0BD84CC092664E5D /* SDNetworkActivityIndicator.m in Sources */ = {isa = PBXBuildFile; fileRef = 239CF5DF398848EABE19CFD9 /* SDNetworkActivityIndicator.m */; };
		6AFF5BF91D6E424B00AB3073 /* CDVLaunchScreen.storyboard in Resources */ = {isa = PBXBuildFile; fileRef = 6AFF5BF81D6E424B00AB3073 /* CDVLaunchScreen.storyboard */; };
		75B43FA296434581BC9D9714 /* Toast+UIView.m in Sources */ = {isa = PBXBuildFile; fileRef = B4418F41E1164240965F70EE /* Toast+UIView.m */; };
		79838A61EC8E4FC19AD22BFC /* CDVAssetLibraryFilesystem.m in Sources */ = {isa = PBXBuildFile; fileRef = D89A43E0548B47439FD63682 /* CDVAssetLibraryFilesystem.m */; };
		7A5A880546FB47B391784AA6 /* NSString+SSURLEncoding.m in Sources */ = {isa = PBXBuildFile; fileRef = B1C64FA5971C482894811D31 /* NSString+SSURLEncoding.m */; };
		7F77F528BEEB42FEA759A434 /* CDVDevice.m in Sources */ = {isa = PBXBuildFile; fileRef = 53F1D008723447D5B6CDE9BF /* CDVDevice.m */; };
		83C982371D2649698C72817A /* OpenGLES.framework in Frameworks */ = {isa = PBXBuildFile; fileRef = 1ABC55D7B09B4BFCB5F06DEB /* OpenGLES.framework */; };
		87C03F2DBDB643E29CB80E7D /* SocialSharing.m in Sources */ = {isa = PBXBuildFile; fileRef = C58E07576E7B4B2F9D1E477A /* SocialSharing.m */; };
		8C9A75740BB64C59A0CDFC67 /* CordovaStripe.m in Sources */ = {isa = PBXBuildFile; fileRef = 489A57EC8AC04FA581F6D57B /* CordovaStripe.m */; };
		8D0D77A47E9F4503943BAAAB /* CDVLocalFilesystem.m in Sources */ = {isa = PBXBuildFile; fileRef = BC60576BAFF44F6499327F05 /* CDVLocalFilesystem.m */; };
		9002BD87E1A24A42921F265B /* CoreTelephony.framework in Frameworks */ = {isa = PBXBuildFile; fileRef = A140F68AE21949EEB5458A51 /* CoreTelephony.framework */; };
		90A1AEACE5D14480BD660FBE /* Stripe.framework in Frameworks */ = {isa = PBXBuildFile; fileRef = 95E9C3EB53FF4D90A27220CC /* Stripe.framework */; };
		912DF94DACC7465595D42C26 /* IonicKeyboard.m in Sources */ = {isa = PBXBuildFile; fileRef = 1E2C0BB6BC3C442A92876D19 /* IonicKeyboard.m */; };
		92BBF358A5CA4975A11FA8EE /* libc++.dylib in Frameworks */ = {isa = PBXBuildFile; fileRef = 715BF02A3C474033BB5020F9 /* libc++.dylib */; };
		99CC045728C04F72BBAAE4A6 /* AFURLResponseSerialization.m in Sources */ = {isa = PBXBuildFile; fileRef = E123F59E2E5B41ACB90780E8 /* AFURLResponseSerialization.m */; };
		9CFD047B5DBC4ADF990C9849 /* TextRequestSerializer.m in Sources */ = {isa = PBXBuildFile; fileRef = DF6A68F0BF7D4DF59B32B8B9 /* TextRequestSerializer.m */; };
		A286855485D049CAAAE02AED /* CardIOCordovaPlugin.m in Sources */ = {isa = PBXBuildFile; fileRef = 3654E24063824019902B8501 /* CardIOCordovaPlugin.m */; };
		A4B4A4EFCAAA5D57188939CC /* libPods-ACIF.a in Frameworks */ = {isa = PBXBuildFile; fileRef = 060C21C4E562B70DF4F0BC98 /* libPods-ACIF.a */; };
		B6A7198E74754A4096395BF0 /* OneSignalPush.m in Sources */ = {isa = PBXBuildFile; fileRef = 0DE44AE5D1B64E819805EAA4 /* OneSignalPush.m */; };
		B85FD52850804E5C83D27F4F /* TextResponseSerializer.m in Sources */ = {isa = PBXBuildFile; fileRef = ADCFAF36C8BD48E4868C0A90 /* TextResponseSerializer.m */; };
		C1404D0AC7ED4E6E8F34A686 /* CDVConnection.m in Sources */ = {isa = PBXBuildFile; fileRef = A955B2F3BF97499991DDAB92 /* CDVConnection.m */; };
		C17FF210F64743DBAE43E4AB /* CoreLocation.framework in Frameworks */ = {isa = PBXBuildFile; fileRef = 6A00072AA1EB43009ECC9A24 /* CoreLocation.framework */; settings = {ATTRIBUTES = (Weak, ); }; };
		C1885A4D6E0E4AA9B41B9036 /* Social.framework in Frameworks */ = {isa = PBXBuildFile; fileRef = 2DA35E7E66444B16A2FEBFC1 /* Social.framework */; settings = {ATTRIBUTES = (Weak, ); }; };
		C1AC47D4C3A948BA8B9E3860 /* AVFoundation.framework in Frameworks */ = {isa = PBXBuildFile; fileRef = 104203640ACF49E58B49DE44 /* AVFoundation.framework */; };
		CAE89731DC554A43BBC6A9A5 /* Foundation.framework in Frameworks */ = {isa = PBXBuildFile; fileRef = BD2C05C3231B48C7A9F4FA03 /* Foundation.framework */; };
		D2050DC416D24171960696E5 /* UIImage+CropScaleOrientation.m in Sources */ = {isa = PBXBuildFile; fileRef = 86B930BABB8A4A65BBB1CA7D /* UIImage+CropScaleOrientation.m */; };
		D4798034CE1E4A37A8B4C164 /* CDVStatusBar.m in Sources */ = {isa = PBXBuildFile; fileRef = 45DDCDCB9CE24238AD863F49 /* CDVStatusBar.m */; };
		EE410E19350C41818DD2F897 /* CFNetwork.framework in Frameworks */ = {isa = PBXBuildFile; fileRef = C07F129A57344F2D83AF2CB6 /* CFNetwork.framework */; };
		EF8746FEE2C240058411310C /* CDVSplashScreen.m in Sources */ = {isa = PBXBuildFile; fileRef = CDFBBCA69843485F9A16CA03 /* CDVSplashScreen.m */; };
		F17E99CF49E64548996B2CEF /* MessageUI.framework in Frameworks */ = {isa = PBXBuildFile; fileRef = 133BE2E690B1462F93EB36A6 /* MessageUI.framework */; };
		F4F13FE451044654AB7759E7 /* CoreVideo.framework in Frameworks */ = {isa = PBXBuildFile; fileRef = B160D37412384B6D9E63FE6C /* CoreVideo.framework */; };
		FB78DDE38BE6493DB4BA818F /* AFURLSessionManager.m in Sources */ = {isa = PBXBuildFile; fileRef = 462C32CCC18041D7B8DE4448 /* AFURLSessionManager.m */; };
		FBEE8D947D2D4DABB93E5EA6 /* CDVReachability.m in Sources */ = {isa = PBXBuildFile; fileRef = E2253B02C0914DEDB5776E1B /* CDVReachability.m */; };
		FDA140E269BA4D5F8C977F77 /* SystemConfiguration.framework in Frameworks */ = {isa = PBXBuildFile; fileRef = 2BB72CFF803C4B09985BE589 /* SystemConfiguration.framework */; };
		FDE44EB60B9243C187000DC7 /* libCardIO.a in Frameworks */ = {isa = PBXBuildFile; fileRef = 3011B489EF08488299C54D91 /* libCardIO.a */; };
		FDF665417C5B48A9BE0A9489 /* CDVFile.m in Sources */ = {isa = PBXBuildFile; fileRef = 309CC43746754C60B9EA367B /* CDVFile.m */; };
/* End PBXBuildFile section */

/* Begin PBXContainerItemProxy section */
		301BF534109A57CC0062928A /* PBXContainerItemProxy */ = {
			isa = PBXContainerItemProxy;
			containerPortal = 301BF52D109A57CC0062928A /* CordovaLib/CordovaLib.xcodeproj */;
			proxyType = 2;
			remoteGlobalIDString = D2AAC07E0554694100DB518D;
			remoteInfo = CordovaLib;
		};
		301BF550109A68C00062928A /* PBXContainerItemProxy */ = {
			isa = PBXContainerItemProxy;
			containerPortal = 301BF52D109A57CC0062928A /* CordovaLib/CordovaLib.xcodeproj */;
			proxyType = 1;
			remoteGlobalIDString = D2AAC07D0554694100DB518D;
			remoteInfo = CordovaLib;
		};
		DB3A958421E99CF600FF26E6 /* PBXContainerItemProxy */ = {
			isa = PBXContainerItemProxy;
			containerPortal = 301BF52D109A57CC0062928A /* CordovaLib/CordovaLib.xcodeproj */;
			proxyType = 2;
			remoteGlobalIDString = C0C01EB21E3911D50056E6CB;
			remoteInfo = Cordova;
		};
/* End PBXContainerItemProxy section */

/* Begin PBXFileReference section */
		0207DA571B56EA530066E2B4 /* Images.xcassets */ = {isa = PBXFileReference; lastKnownFileType = folder.assetcatalog; name = Images.xcassets; path = ACIF/Images.xcassets; sourceTree = SOURCE_ROOT; };
		0517A268122F437D922128CB /* CDVJpegHeaderWriter.h */ = {isa = PBXFileReference; explicitFileType = undefined; fileEncoding = 4; includeInIndex = 0; lastKnownFileType = sourcecode.c.h; name = CDVJpegHeaderWriter.h; path = "cordova-plugin-camera/CDVJpegHeaderWriter.h"; sourceTree = "<group>"; };
		060C21C4E562B70DF4F0BC98 /* libPods-ACIF.a */ = {isa = PBXFileReference; explicitFileType = archive.ar; includeInIndex = 0; path = "libPods-ACIF.a"; sourceTree = BUILT_PRODUCTS_DIR; };
		081FB721ABC447489955C27A /* AFNetworkReachabilityManager.m */ = {isa = PBXFileReference; explicitFileType = undefined; fileEncoding = 4; includeInIndex = 0; lastKnownFileType = sourcecode.c.objc; name = AFNetworkReachabilityManager.m; path = "cordova-plugin-advanced-http/AFNetworkReachabilityManager.m"; sourceTree = "<group>"; };
		09C7CD52927B40D7BF33DDA2 /* AFNetworkReachabilityManager.h */ = {isa = PBXFileReference; explicitFileType = undefined; fileEncoding = 4; includeInIndex = 0; lastKnownFileType = sourcecode.c.h; name = AFNetworkReachabilityManager.h; path = "cordova-plugin-advanced-http/AFNetworkReachabilityManager.h"; sourceTree = "<group>"; };
		0C320C08DB42454C907B1F41 /* CardIOPaymentViewController.h */ = {isa = PBXFileReference; explicitFileType = undefined; fileEncoding = 4; includeInIndex = 0; lastKnownFileType = sourcecode.c.h; name = CardIOPaymentViewController.h; path = card.io.cordova.mobilesdk/CardIOPaymentViewController.h; sourceTree = "<group>"; };
		0DE44AE5D1B64E819805EAA4 /* OneSignalPush.m */ = {isa = PBXFileReference; explicitFileType = undefined; fileEncoding = 4; includeInIndex = 0; lastKnownFileType = sourcecode.c.objc; name = OneSignalPush.m; path = "onesignal-cordova-plugin/OneSignalPush.m"; sourceTree = "<group>"; };
		0E77CC15B6F84BE7A69BA8F6 /* TextResponseSerializer.h */ = {isa = PBXFileReference; explicitFileType = undefined; fileEncoding = 4; includeInIndex = 0; lastKnownFileType = sourcecode.c.h; name = TextResponseSerializer.h; path = "cordova-plugin-advanced-http/TextResponseSerializer.h"; sourceTree = "<group>"; };
		104203640ACF49E58B49DE44 /* AVFoundation.framework */ = {isa = PBXFileReference; explicitFileType = undefined; fileEncoding = 9; includeInIndex = 0; lastKnownFileType = wrapper.framework; name = AVFoundation.framework; path = System/Library/Frameworks/AVFoundation.framework; sourceTree = SDKROOT; };
		133BE2E690B1462F93EB36A6 /* MessageUI.framework */ = {isa = PBXFileReference; explicitFileType = undefined; fileEncoding = 9; includeInIndex = 0; lastKnownFileType = wrapper.framework; name = MessageUI.framework; path = System/Library/Frameworks/MessageUI.framework; sourceTree = SDKROOT; };
		170A64C9A68C4793AFF40552 /* CordovaHttpPlugin.h */ = {isa = PBXFileReference; explicitFileType = undefined; fileEncoding = 4; includeInIndex = 0; lastKnownFileType = sourcecode.c.h; name = CordovaHttpPlugin.h; path = "cordova-plugin-advanced-http/CordovaHttpPlugin.h"; sourceTree = "<group>"; };
		1908CD82048141D4B6110372 /* CDVSplashScreen.h */ = {isa = PBXFileReference; explicitFileType = undefined; fileEncoding = 4; includeInIndex = 0; lastKnownFileType = sourcecode.c.h; name = CDVSplashScreen.h; path = "cordova-plugin-splashscreen/CDVSplashScreen.h"; sourceTree = "<group>"; };
		1ABC55D7B09B4BFCB5F06DEB /* OpenGLES.framework */ = {isa = PBXFileReference; explicitFileType = undefined; fileEncoding = 9; includeInIndex = 0; lastKnownFileType = wrapper.framework; name = OpenGLES.framework; path = System/Library/Frameworks/OpenGLES.framework; sourceTree = SDKROOT; };
		1ADF3CC545B442299F095F61 /* CDVInAppBrowser.m */ = {isa = PBXFileReference; explicitFileType = undefined; fileEncoding = 4; includeInIndex = 0; lastKnownFileType = sourcecode.c.objc; name = CDVInAppBrowser.m; path = "cordova-plugin-inappbrowser/CDVInAppBrowser.m"; sourceTree = "<group>"; };
		1CDD491D65184E309F6EF6CE /* SDNetworkActivityIndicator.h */ = {isa = PBXFileReference; explicitFileType = undefined; fileEncoding = 4; includeInIndex = 0; lastKnownFileType = sourcecode.c.h; name = SDNetworkActivityIndicator.h; path = "cordova-plugin-advanced-http/SDNetworkActivityIndicator.h"; sourceTree = "<group>"; };
		1D3623240D0F684500981E51 /* AppDelegate.h */ = {isa = PBXFileReference; fileEncoding = 4; lastKnownFileType = sourcecode.c.h; path = AppDelegate.h; sourceTree = "<group>"; };
		1D3623250D0F684500981E51 /* AppDelegate.m */ = {isa = PBXFileReference; fileEncoding = 4; lastKnownFileType = sourcecode.c.objc; path = AppDelegate.m; sourceTree = "<group>"; };
		1D6058910D05DD3D006BFB54 /* ACIF.app */ = {isa = PBXFileReference; explicitFileType = wrapper.application; includeInIndex = 0; path = ACIF.app; sourceTree = BUILT_PRODUCTS_DIR; };
		1E2C0BB6BC3C442A92876D19 /* IonicKeyboard.m */ = {isa = PBXFileReference; explicitFileType = undefined; fileEncoding = 4; includeInIndex = 0; lastKnownFileType = sourcecode.c.objc; name = IonicKeyboard.m; path = "ionic-plugin-keyboard/IonicKeyboard.m"; sourceTree = "<group>"; };
		1E68C4DC4AE54D1189CC5ADA /* Toast+UIView.h */ = {isa = PBXFileReference; explicitFileType = undefined; fileEncoding = 4; includeInIndex = 0; lastKnownFileType = sourcecode.c.h; name = "Toast+UIView.h"; path = "cordova-plugin-x-toast/Toast+UIView.h"; sourceTree = "<group>"; };
		239CF5DF398848EABE19CFD9 /* SDNetworkActivityIndicator.m */ = {isa = PBXFileReference; explicitFileType = undefined; fileEncoding = 4; includeInIndex = 0; lastKnownFileType = sourcecode.c.objc; name = SDNetworkActivityIndicator.m; path = "cordova-plugin-advanced-http/SDNetworkActivityIndicator.m"; sourceTree = "<group>"; };
		29B97316FDCFA39411CA2CEA /* main.m */ = {isa = PBXFileReference; fileEncoding = 4; lastKnownFileType = sourcecode.c.objc; path = main.m; sourceTree = "<group>"; };
		2BB72CFF803C4B09985BE589 /* SystemConfiguration.framework */ = {isa = PBXFileReference; explicitFileType = undefined; fileEncoding = 9; includeInIndex = 0; lastKnownFileType = wrapper.framework; name = SystemConfiguration.framework; path = System/Library/Frameworks/SystemConfiguration.framework; sourceTree = SDKROOT; };
		2DA35E7E66444B16A2FEBFC1 /* Social.framework */ = {isa = PBXFileReference; explicitFileType = undefined; fileEncoding = 9; includeInIndex = 0; lastKnownFileType = wrapper.framework; name = Social.framework; path = System/Library/Frameworks/Social.framework; sourceTree = SDKROOT; };
		2EBA7275DE7F4D20B235EC1B /* Accelerate.framework */ = {isa = PBXFileReference; explicitFileType = undefined; fileEncoding = 9; includeInIndex = 0; lastKnownFileType = wrapper.framework; name = Accelerate.framework; path = System/Library/Frameworks/Accelerate.framework; sourceTree = SDKROOT; };
		2F583DB726DA4735B7344521 /* PayPalPayment.h */ = {isa = PBXFileReference; explicitFileType = undefined; fileEncoding = 4; includeInIndex = 0; lastKnownFileType = sourcecode.c.h; name = PayPalPayment.h; path = com.paypal.cordova.mobilesdk/PayPalPayment.h; sourceTree = "<group>"; };
		3011B489EF08488299C54D91 /* libCardIO.a */ = {isa = PBXFileReference; explicitFileType = undefined; fileEncoding = 9; includeInIndex = 0; lastKnownFileType = archive.ar; name = libCardIO.a; path = ACIF/Plugins/card.io.cordova.mobilesdk/libCardIO.a; sourceTree = "<group>"; };
		301BF52D109A57CC0062928A /* CordovaLib/CordovaLib.xcodeproj */ = {isa = PBXFileReference; lastKnownFileType = "wrapper.pb-project"; path = CordovaLib/CordovaLib.xcodeproj; sourceTree = "<group>"; };
		301BF56E109A69640062928A /* www */ = {isa = PBXFileReference; lastKnownFileType = folder; path = www; sourceTree = SOURCE_ROOT; };
		302D95EE14D2391D003F00A1 /* MainViewController.h */ = {isa = PBXFileReference; fileEncoding = 4; lastKnownFileType = sourcecode.c.h; path = MainViewController.h; sourceTree = "<group>"; };
		302D95EF14D2391D003F00A1 /* MainViewController.m */ = {isa = PBXFileReference; fileEncoding = 4; lastKnownFileType = sourcecode.c.objc; path = MainViewController.m; sourceTree = "<group>"; };
		302D95F014D2391D003F00A1 /* MainViewController.xib */ = {isa = PBXFileReference; fileEncoding = 4; lastKnownFileType = file.xib; path = MainViewController.xib; sourceTree = "<group>"; };
		3047A50F1AB8059700498E2A /* build-debug.xcconfig */ = {isa = PBXFileReference; fileEncoding = 4; lastKnownFileType = text.xcconfig; name = "build-debug.xcconfig"; path = "cordova/build-debug.xcconfig"; sourceTree = SOURCE_ROOT; };
		3047A5101AB8059700498E2A /* build-release.xcconfig */ = {isa = PBXFileReference; fileEncoding = 4; lastKnownFileType = text.xcconfig; name = "build-release.xcconfig"; path = "cordova/build-release.xcconfig"; sourceTree = SOURCE_ROOT; };
		3047A5111AB8059700498E2A /* build.xcconfig */ = {isa = PBXFileReference; fileEncoding = 4; lastKnownFileType = text.xcconfig; name = build.xcconfig; path = cordova/build.xcconfig; sourceTree = SOURCE_ROOT; };
		309CC43746754C60B9EA367B /* CDVFile.m */ = {isa = PBXFileReference; explicitFileType = undefined; fileEncoding = 4; includeInIndex = 0; lastKnownFileType = sourcecode.c.objc; name = CDVFile.m; path = "cordova-plugin-file/CDVFile.m"; sourceTree = "<group>"; };
		318EE43943BF4D6AAB017D43 /* PayPalMobileCordovaPlugin.m */ = {isa = PBXFileReference; explicitFileType = undefined; fileEncoding = 4; includeInIndex = 0; lastKnownFileType = sourcecode.c.objc; name = PayPalMobileCordovaPlugin.m; path = com.paypal.cordova.mobilesdk/PayPalMobileCordovaPlugin.m; sourceTree = "<group>"; };
		32CA4F630368D1EE00C91783 /* ACIF-Prefix.pch */ = {isa = PBXFileReference; fileEncoding = 4; lastKnownFileType = sourcecode.c.h; path = "ACIF-Prefix.pch"; sourceTree = "<group>"; };
		3654E24063824019902B8501 /* CardIOCordovaPlugin.m */ = {isa = PBXFileReference; explicitFileType = undefined; fileEncoding = 4; includeInIndex = 0; lastKnownFileType = sourcecode.c.objc; name = CardIOCordovaPlugin.m; path = card.io.cordova.mobilesdk/CardIOCordovaPlugin.m; sourceTree = "<group>"; };
		3D2C6C86CF7047FAB9DB2F11 /* TextRequestSerializer.h */ = {isa = PBXFileReference; explicitFileType = undefined; fileEncoding = 4; includeInIndex = 0; lastKnownFileType = sourcecode.c.h; name = TextRequestSerializer.h; path = "cordova-plugin-advanced-http/TextRequestSerializer.h"; sourceTree = "<group>"; };
		3EFE999465C44E3BA7D081E8 /* SafariServices.framework */ = {isa = PBXFileReference; explicitFileType = undefined; fileEncoding = 9; includeInIndex = 0; lastKnownFileType = wrapper.framework; name = SafariServices.framework; path = System/Library/Frameworks/SafariServices.framework; sourceTree = SDKROOT; };
		43D545FCBFE04C76B3B19F2D /* libopencv_imgproc.a */ = {isa = PBXFileReference; explicitFileType = undefined; fileEncoding = 9; includeInIndex = 0; lastKnownFileType = archive.ar; name = libopencv_imgproc.a; path = ACIF/Plugins/card.io.cordova.mobilesdk/libopencv_imgproc.a; sourceTree = "<group>"; };
		45DDCDCB9CE24238AD863F49 /* CDVStatusBar.m */ = {isa = PBXFileReference; explicitFileType = undefined; fileEncoding = 4; includeInIndex = 0; lastKnownFileType = sourcecode.c.objc; name = CDVStatusBar.m; path = "cordova-plugin-statusbar/CDVStatusBar.m"; sourceTree = "<group>"; };
		462C32CCC18041D7B8DE4448 /* AFURLSessionManager.m */ = {isa = PBXFileReference; explicitFileType = undefined; fileEncoding = 4; includeInIndex = 0; lastKnownFileType = sourcecode.c.objc; name = AFURLSessionManager.m; path = "cordova-plugin-advanced-http/AFURLSessionManager.m"; sourceTree = "<group>"; };
		489A57EC8AC04FA581F6D57B /* CordovaStripe.m */ = {isa = PBXFileReference; explicitFileType = undefined; fileEncoding = 4; includeInIndex = 0; lastKnownFileType = sourcecode.c.objc; name = CordovaStripe.m; path = "cordova-plugin-stripe/CordovaStripe.m"; sourceTree = "<group>"; };
		4B80204557854E10B0864950 /* libopencv_core.a */ = {isa = PBXFileReference; explicitFileType = undefined; fileEncoding = 9; includeInIndex = 0; lastKnownFileType = archive.ar; name = libopencv_core.a; path = ACIF/Plugins/card.io.cordova.mobilesdk/libopencv_core.a; sourceTree = "<group>"; };
		4D798BEED73E44E793FC0B27 /* CDVStatusBar.h */ = {isa = PBXFileReference; explicitFileType = undefined; fileEncoding = 4; includeInIndex = 0; lastKnownFileType = sourcecode.c.h; name = CDVStatusBar.h; path = "cordova-plugin-statusbar/CDVStatusBar.h"; sourceTree = "<group>"; };
		4F310E3BCE7D465F9DE5EDD2 /* AFURLRequestSerialization.h */ = {isa = PBXFileReference; explicitFileType = undefined; fileEncoding = 4; includeInIndex = 0; lastKnownFileType = sourcecode.c.h; name = AFURLRequestSerialization.h; path = "cordova-plugin-advanced-http/AFURLRequestSerialization.h"; sourceTree = "<group>"; };
		53F1D008723447D5B6CDE9BF /* CDVDevice.m */ = {isa = PBXFileReference; explicitFileType = undefined; fileEncoding = 4; includeInIndex = 0; lastKnownFileType = sourcecode.c.objc; name = CDVDevice.m; path = "cordova-plugin-device/CDVDevice.m"; sourceTree = "<group>"; };
		59E504294A864DD39CBF1598 /* AppVersion.m */ = {isa = PBXFileReference; explicitFileType = undefined; fileEncoding = 4; includeInIndex = 0; lastKnownFileType = sourcecode.c.objc; name = AppVersion.m; path = "cordova-plugin-app-version/AppVersion.m"; sourceTree = "<group>"; };
		5B270EF750E349079560A838 /* QuartzCore.framework */ = {isa = PBXFileReference; explicitFileType = undefined; fileEncoding = 9; includeInIndex = 0; lastKnownFileType = wrapper.framework; name = QuartzCore.framework; path = System/Library/Frameworks/QuartzCore.framework; sourceTree = SDKROOT; };
		5C5861E0FB0348E2971C287D /* CDVDevice.h */ = {isa = PBXFileReference; explicitFileType = undefined; fileEncoding = 4; includeInIndex = 0; lastKnownFileType = sourcecode.c.h; name = CDVDevice.h; path = "cordova-plugin-device/CDVDevice.h"; sourceTree = "<group>"; };
		6223B698E8C64B20BB403A4F /* CardIO.h */ = {isa = PBXFileReference; explicitFileType = undefined; fileEncoding = 4; includeInIndex = 0; lastKnownFileType = sourcecode.c.h; name = CardIO.h; path = card.io.cordova.mobilesdk/CardIO.h; sourceTree = "<group>"; };
		631A789B10FB410086CBFE5B /* IonicKeyboard.h */ = {isa = PBXFileReference; explicitFileType = undefined; fileEncoding = 4; includeInIndex = 0; lastKnownFileType = sourcecode.c.h; name = IonicKeyboard.h; path = "ionic-plugin-keyboard/IonicKeyboard.h"; sourceTree = "<group>"; };
		66E96184B84647C28C7CF06A /* CardIOCreditCardInfo.h */ = {isa = PBXFileReference; explicitFileType = undefined; fileEncoding = 4; includeInIndex = 0; lastKnownFileType = sourcecode.c.h; name = CardIOCreditCardInfo.h; path = card.io.cordova.mobilesdk/CardIOCreditCardInfo.h; sourceTree = "<group>"; };
		685A68D4C1C44739A96B63FE /* AFHTTPSessionManager.m */ = {isa = PBXFileReference; explicitFileType = undefined; fileEncoding = 4; includeInIndex = 0; lastKnownFileType = sourcecode.c.objc; name = AFHTTPSessionManager.m; path = "cordova-plugin-advanced-http/AFHTTPSessionManager.m"; sourceTree = "<group>"; };
		6A00072AA1EB43009ECC9A24 /* CoreLocation.framework */ = {isa = PBXFileReference; explicitFileType = undefined; fileEncoding = 9; includeInIndex = 0; lastKnownFileType = wrapper.framework; name = CoreLocation.framework; path = System/Library/Frameworks/CoreLocation.framework; sourceTree = SDKROOT; };
		6AFF5BF81D6E424B00AB3073 /* CDVLaunchScreen.storyboard */ = {isa = PBXFileReference; fileEncoding = 4; lastKnownFileType = file.storyboard; name = CDVLaunchScreen.storyboard; path = ACIF/CDVLaunchScreen.storyboard; sourceTree = SOURCE_ROOT; };
		7060BDFEF885472AAFEF84D5 /* OneSignalPush.h */ = {isa = PBXFileReference; explicitFileType = undefined; fileEncoding = 4; includeInIndex = 0; lastKnownFileType = sourcecode.c.h; name = OneSignalPush.h; path = "onesignal-cordova-plugin/OneSignalPush.h"; sourceTree = "<group>"; };
		715BF02A3C474033BB5020F9 /* libc++.dylib */ = {isa = PBXFileReference; explicitFileType = undefined; fileEncoding = 9; includeInIndex = 0; lastKnownFileType = "compiled.mach-o.dylib"; name = "libc++.dylib"; path = "usr/lib/libc++.dylib"; sourceTree = SDKROOT; };
		74D3F06B274E4B6D8112EEFB /* CoreMedia.framework */ = {isa = PBXFileReference; explicitFileType = undefined; fileEncoding = 9; includeInIndex = 0; lastKnownFileType = wrapper.framework; name = CoreMedia.framework; path = System/Library/Frameworks/CoreMedia.framework; sourceTree = SDKROOT; };
		775E8E28535D4ED29ABCDCC3 /* Security.framework */ = {isa = PBXFileReference; explicitFileType = undefined; fileEncoding = 9; includeInIndex = 0; lastKnownFileType = wrapper.framework; name = Security.framework; path = System/Library/Frameworks/Security.framework; sourceTree = SDKROOT; };
		79B417DB7E0541D3BB6CBBE7 /* AFNetworking.h */ = {isa = PBXFileReference; explicitFileType = undefined; fileEncoding = 4; includeInIndex = 0; lastKnownFileType = sourcecode.c.h; name = AFNetworking.h; path = "cordova-plugin-advanced-http/AFNetworking.h"; sourceTree = "<group>"; };
		7DEB8C136D7F4ABF92B189E6 /* AFHTTPSessionManager.h */ = {isa = PBXFileReference; explicitFileType = undefined; fileEncoding = 4; includeInIndex = 0; lastKnownFileType = sourcecode.c.h; name = AFHTTPSessionManager.h; path = "cordova-plugin-advanced-http/AFHTTPSessionManager.h"; sourceTree = "<group>"; };
		7E05B3BDDA7C424AB822D339 /* PayPalOAuthScopes.h */ = {isa = PBXFileReference; explicitFileType = undefined; fileEncoding = 4; includeInIndex = 0; lastKnownFileType = sourcecode.c.h; name = PayPalOAuthScopes.h; path = com.paypal.cordova.mobilesdk/PayPalOAuthScopes.h; sourceTree = "<group>"; };
		8022C31A94F743019BA39DBA /* CDVAssetLibraryFilesystem.h */ = {isa = PBXFileReference; explicitFileType = undefined; fileEncoding = 4; includeInIndex = 0; lastKnownFileType = sourcecode.c.h; name = CDVAssetLibraryFilesystem.h; path = "cordova-plugin-file/CDVAssetLibraryFilesystem.h"; sourceTree = "<group>"; };
		82EEC2E0D21B4F48AB280DAA /* AppVersion.h */ = {isa = PBXFileReference; explicitFileType = undefined; fileEncoding = 4; includeInIndex = 0; lastKnownFileType = sourcecode.c.h; name = AppVersion.h; path = "cordova-plugin-app-version/AppVersion.h"; sourceTree = "<group>"; };
		83E2AF339F9C443AB0EB772E /* CDVViewController+SplashScreen.h */ = {isa = PBXFileReference; explicitFileType = undefined; fileEncoding = 4; includeInIndex = 0; lastKnownFileType = sourcecode.c.h; name = "CDVViewController+SplashScreen.h"; path = "cordova-plugin-splashscreen/CDVViewController+SplashScreen.h"; sourceTree = "<group>"; };
		84ADC66C40C34D63A5BC5EB4 /* CardIOCordovaPlugin.h */ = {isa = PBXFileReference; explicitFileType = undefined; fileEncoding = 4; includeInIndex = 0; lastKnownFileType = sourcecode.c.h; name = CardIOCordovaPlugin.h; path = card.io.cordova.mobilesdk/CardIOCordovaPlugin.h; sourceTree = "<group>"; };
		85B6ACD2DA6945879456683B /* CardIOViewDelegate.h */ = {isa = PBXFileReference; explicitFileType = undefined; fileEncoding = 4; includeInIndex = 0; lastKnownFileType = sourcecode.c.h; name = CardIOViewDelegate.h; path = card.io.cordova.mobilesdk/CardIOViewDelegate.h; sourceTree = "<group>"; };
		85D649790EBE42D5A032B7B2 /* PayPalProfileSharingViewController.h */ = {isa = PBXFileReference; explicitFileType = undefined; fileEncoding = 4; includeInIndex = 0; lastKnownFileType = sourcecode.c.h; name = PayPalProfileSharingViewController.h; path = com.paypal.cordova.mobilesdk/PayPalProfileSharingViewController.h; sourceTree = "<group>"; };
		8683BCBBCE0440E98E43105F /* CDVJpegHeaderWriter.m */ = {isa = PBXFileReference; explicitFileType = undefined; fileEncoding = 4; includeInIndex = 0; lastKnownFileType = sourcecode.c.objc; name = CDVJpegHeaderWriter.m; path = "cordova-plugin-camera/CDVJpegHeaderWriter.m"; sourceTree = "<group>"; };
		868E8F7987EA4A5E910B1B92 /* CardIODetectionMode.h */ = {isa = PBXFileReference; explicitFileType = undefined; fileEncoding = 4; includeInIndex = 0; lastKnownFileType = sourcecode.c.h; name = CardIODetectionMode.h; path = card.io.cordova.mobilesdk/CardIODetectionMode.h; sourceTree = "<group>"; };
		86B930BABB8A4A65BBB1CA7D /* UIImage+CropScaleOrientation.m */ = {isa = PBXFileReference; explicitFileType = undefined; fileEncoding = 4; includeInIndex = 0; lastKnownFileType = sourcecode.c.objc; name = "UIImage+CropScaleOrientation.m"; path = "cordova-plugin-camera/UIImage+CropScaleOrientation.m"; sourceTree = "<group>"; };
		8A89349843224638A4C1C75A /* CardIOPaymentViewControllerDelegate.h */ = {isa = PBXFileReference; explicitFileType = undefined; fileEncoding = 4; includeInIndex = 0; lastKnownFileType = sourcecode.c.h; name = CardIOPaymentViewControllerDelegate.h; path = card.io.cordova.mobilesdk/CardIOPaymentViewControllerDelegate.h; sourceTree = "<group>"; };
		8D1107310486CEB800E47090 /* ACIF-Info.plist */ = {isa = PBXFileReference; fileEncoding = 4; lastKnownFileType = text.plist.xml; name = "ACIF-Info.plist"; path = "ACIF/ACIF-Info.plist"; plistStructureDefinitionIdentifier = "com.apple.xcode.plist.structure-definition.iphone.info-plist"; sourceTree = SOURCE_ROOT; };
		91A15B3DAB734FD8B7A88FEC /* CordovaStripe.h */ = {isa = PBXFileReference; explicitFileType = undefined; fileEncoding = 4; includeInIndex = 0; lastKnownFileType = sourcecode.c.h; name = CordovaStripe.h; path = "cordova-plugin-stripe/CordovaStripe.h"; sourceTree = "<group>"; };
		95E9C3EB53FF4D90A27220CC /* Stripe.framework */ = {isa = PBXFileReference; explicitFileType = undefined; fileEncoding = 9; includeInIndex = 0; lastKnownFileType = wrapper.framework; name = Stripe.framework; path = "ACIF/Plugins/cordova-plugin-stripe/Stripe.framework"; sourceTree = "<group>"; };
		A140F68AE21949EEB5458A51 /* CoreTelephony.framework */ = {isa = PBXFileReference; explicitFileType = undefined; fileEncoding = 9; includeInIndex = 0; lastKnownFileType = wrapper.framework; name = CoreTelephony.framework; path = System/Library/Frameworks/CoreTelephony.framework; sourceTree = SDKROOT; };
		A299045B0C4349AD9EBFD572 /* AFSecurityPolicy.m */ = {isa = PBXFileReference; explicitFileType = undefined; fileEncoding = 4; includeInIndex = 0; lastKnownFileType = sourcecode.c.objc; name = AFSecurityPolicy.m; path = "cordova-plugin-advanced-http/AFSecurityPolicy.m"; sourceTree = "<group>"; };
		A3BD3DAC1B5140C8BC94FD6A /* UIImage+CropScaleOrientation.h */ = {isa = PBXFileReference; explicitFileType = undefined; fileEncoding = 4; includeInIndex = 0; lastKnownFileType = sourcecode.c.h; name = "UIImage+CropScaleOrientation.h"; path = "cordova-plugin-camera/UIImage+CropScaleOrientation.h"; sourceTree = "<group>"; };
		A3FD76A7E73A4FA9B0712DE6 /* CDVInAppBrowser.h */ = {isa = PBXFileReference; explicitFileType = undefined; fileEncoding = 4; includeInIndex = 0; lastKnownFileType = sourcecode.c.h; name = CDVInAppBrowser.h; path = "cordova-plugin-inappbrowser/CDVInAppBrowser.h"; sourceTree = "<group>"; };
		A955B2F3BF97499991DDAB92 /* CDVConnection.m */ = {isa = PBXFileReference; explicitFileType = undefined; fileEncoding = 4; includeInIndex = 0; lastKnownFileType = sourcecode.c.objc; name = CDVConnection.m; path = "cordova-plugin-network-information/CDVConnection.m"; sourceTree = "<group>"; };
		ADCFAF36C8BD48E4868C0A90 /* TextResponseSerializer.m */ = {isa = PBXFileReference; explicitFileType = undefined; fileEncoding = 4; includeInIndex = 0; lastKnownFileType = sourcecode.c.objc; name = TextResponseSerializer.m; path = "cordova-plugin-advanced-http/TextResponseSerializer.m"; sourceTree = "<group>"; };
		B160D37412384B6D9E63FE6C /* CoreVideo.framework */ = {isa = PBXFileReference; explicitFileType = undefined; fileEncoding = 9; includeInIndex = 0; lastKnownFileType = wrapper.framework; name = CoreVideo.framework; path = System/Library/Frameworks/CoreVideo.framework; sourceTree = SDKROOT; };
		B1C64FA5971C482894811D31 /* NSString+SSURLEncoding.m */ = {isa = PBXFileReference; explicitFileType = undefined; fileEncoding = 4; includeInIndex = 0; lastKnownFileType = sourcecode.c.objc; name = "NSString+SSURLEncoding.m"; path = "cordova-plugin-x-socialsharing/NSString+SSURLEncoding.m"; sourceTree = "<group>"; };
		B3CF418B900B4316942142B7 /* AFURLRequestSerialization.m */ = {isa = PBXFileReference; explicitFileType = undefined; fileEncoding = 4; includeInIndex = 0; lastKnownFileType = sourcecode.c.objc; name = AFURLRequestSerialization.m; path = "cordova-plugin-advanced-http/AFURLRequestSerialization.m"; sourceTree = "<group>"; };
		B4418F41E1164240965F70EE /* Toast+UIView.m */ = {isa = PBXFileReference; explicitFileType = undefined; fileEncoding = 4; includeInIndex = 0; lastKnownFileType = sourcecode.c.objc; name = "Toast+UIView.m"; path = "cordova-plugin-x-toast/Toast+UIView.m"; sourceTree = "<group>"; };
		B783547E1A7348D7BE49AA97 /* CDVLocalFilesystem.h */ = {isa = PBXFileReference; explicitFileType = undefined; fileEncoding = 4; includeInIndex = 0; lastKnownFileType = sourcecode.c.h; name = CDVLocalFilesystem.h; path = "cordova-plugin-file/CDVLocalFilesystem.h"; sourceTree = "<group>"; };
		BC1EC3BB130E4970954F28A8 /* ImageIO.framework */ = {isa = PBXFileReference; explicitFileType = undefined; fileEncoding = 9; includeInIndex = 0; lastKnownFileType = wrapper.framework; name = ImageIO.framework; path = System/Library/Frameworks/ImageIO.framework; sourceTree = SDKROOT; };
		BC60576BAFF44F6499327F05 /* CDVLocalFilesystem.m */ = {isa = PBXFileReference; explicitFileType = undefined; fileEncoding = 4; includeInIndex = 0; lastKnownFileType = sourcecode.c.objc; name = CDVLocalFilesystem.m; path = "cordova-plugin-file/CDVLocalFilesystem.m"; sourceTree = "<group>"; };
		BD2C05C3231B48C7A9F4FA03 /* Foundation.framework */ = {isa = PBXFileReference; explicitFileType = undefined; fileEncoding = 9; includeInIndex = 0; lastKnownFileType = wrapper.framework; name = Foundation.framework; path = System/Library/Frameworks/Foundation.framework; sourceTree = SDKROOT; };
		C07F129A57344F2D83AF2CB6 /* CFNetwork.framework */ = {isa = PBXFileReference; explicitFileType = undefined; fileEncoding = 9; includeInIndex = 0; lastKnownFileType = wrapper.framework; name = CFNetwork.framework; path = System/Library/Frameworks/CFNetwork.framework; sourceTree = SDKROOT; };
		C3DDBD479DC44BE085A6B213 /* PayPalConfiguration.h */ = {isa = PBXFileReference; explicitFileType = undefined; fileEncoding = 4; includeInIndex = 0; lastKnownFileType = sourcecode.c.h; name = PayPalConfiguration.h; path = com.paypal.cordova.mobilesdk/PayPalConfiguration.h; sourceTree = "<group>"; };
		C43192E698D7484B9C07BA19 /* CDVViewController+SplashScreen.m */ = {isa = PBXFileReference; explicitFileType = undefined; fileEncoding = 4; includeInIndex = 0; lastKnownFileType = sourcecode.c.objc; name = "CDVViewController+SplashScreen.m"; path = "cordova-plugin-splashscreen/CDVViewController+SplashScreen.m"; sourceTree = "<group>"; };
		C54E13083F324893B19942CD /* PayPalMobileCordovaPlugin.h */ = {isa = PBXFileReference; explicitFileType = undefined; fileEncoding = 4; includeInIndex = 0; lastKnownFileType = sourcecode.c.h; name = PayPalMobileCordovaPlugin.h; path = com.paypal.cordova.mobilesdk/PayPalMobileCordovaPlugin.h; sourceTree = "<group>"; };
		C58E07576E7B4B2F9D1E477A /* SocialSharing.m */ = {isa = PBXFileReference; explicitFileType = undefined; fileEncoding = 4; includeInIndex = 0; lastKnownFileType = sourcecode.c.objc; name = SocialSharing.m; path = "cordova-plugin-x-socialsharing/SocialSharing.m"; sourceTree = "<group>"; };
		C632D0C0AEB84AE7BF2EEF71 /* CDVConnection.h */ = {isa = PBXFileReference; explicitFileType = undefined; fileEncoding = 4; includeInIndex = 0; lastKnownFileType = sourcecode.c.h; name = CDVConnection.h; path = "cordova-plugin-network-information/CDVConnection.h"; sourceTree = "<group>"; };
		CDFBBCA69843485F9A16CA03 /* CDVSplashScreen.m */ = {isa = PBXFileReference; explicitFileType = undefined; fileEncoding = 4; includeInIndex = 0; lastKnownFileType = sourcecode.c.objc; name = CDVSplashScreen.m; path = "cordova-plugin-splashscreen/CDVSplashScreen.m"; sourceTree = "<group>"; };
		CDFC8B175F22427181E364E2 /* SocialSharing.h */ = {isa = PBXFileReference; explicitFileType = undefined; fileEncoding = 4; includeInIndex = 0; lastKnownFileType = sourcecode.c.h; name = SocialSharing.h; path = "cordova-plugin-x-socialsharing/SocialSharing.h"; sourceTree = "<group>"; };
		D06F8458EFC44907823889C8 /* PayPalPaymentViewController.h */ = {isa = PBXFileReference; explicitFileType = undefined; fileEncoding = 4; includeInIndex = 0; lastKnownFileType = sourcecode.c.h; name = PayPalPaymentViewController.h; path = com.paypal.cordova.mobilesdk/PayPalPaymentViewController.h; sourceTree = "<group>"; };
		D0D6C83225AA46EA844C785C /* CordovaHttpPlugin.m */ = {isa = PBXFileReference; explicitFileType = undefined; fileEncoding = 4; includeInIndex = 0; lastKnownFileType = sourcecode.c.objc; name = CordovaHttpPlugin.m; path = "cordova-plugin-advanced-http/CordovaHttpPlugin.m"; sourceTree = "<group>"; };
		D1FA297727B1468494987564 /* CDVCamera.m */ = {isa = PBXFileReference; explicitFileType = undefined; fileEncoding = 4; includeInIndex = 0; lastKnownFileType = sourcecode.c.objc; name = CDVCamera.m; path = "cordova-plugin-camera/CDVCamera.m"; sourceTree = "<group>"; };
		D24016904F484747931D3FD9 /* CardIOUtilities.h */ = {isa = PBXFileReference; explicitFileType = undefined; fileEncoding = 4; includeInIndex = 0; lastKnownFileType = sourcecode.c.h; name = CardIOUtilities.h; path = card.io.cordova.mobilesdk/CardIOUtilities.h; sourceTree = "<group>"; };
		D58ED439B4654F17B4E16106 /* CDVFile.h */ = {isa = PBXFileReference; explicitFileType = undefined; fileEncoding = 4; includeInIndex = 0; lastKnownFileType = sourcecode.c.h; name = CDVFile.h; path = "cordova-plugin-file/CDVFile.h"; sourceTree = "<group>"; };
		D88EFF6C6BD84C409CDB74D7 /* Toast.m */ = {isa = PBXFileReference; explicitFileType = undefined; fileEncoding = 4; includeInIndex = 0; lastKnownFileType = sourcecode.c.objc; name = Toast.m; path = "cordova-plugin-x-toast/Toast.m"; sourceTree = "<group>"; };
		D89A43E0548B47439FD63682 /* CDVAssetLibraryFilesystem.m */ = {isa = PBXFileReference; explicitFileType = undefined; fileEncoding = 4; includeInIndex = 0; lastKnownFileType = sourcecode.c.objc; name = CDVAssetLibraryFilesystem.m; path = "cordova-plugin-file/CDVAssetLibraryFilesystem.m"; sourceTree = "<group>"; };
		DC79BDB8ECA946BB89596E97 /* CDVReachability.h */ = {isa = PBXFileReference; explicitFileType = undefined; fileEncoding = 4; includeInIndex = 0; lastKnownFileType = sourcecode.c.h; name = CDVReachability.h; path = "cordova-plugin-network-information/CDVReachability.h"; sourceTree = "<group>"; };
		DD00388551D54E2394DD8D7D /* NSString+SSURLEncoding.h */ = {isa = PBXFileReference; explicitFileType = undefined; fileEncoding = 4; includeInIndex = 0; lastKnownFileType = sourcecode.c.h; name = "NSString+SSURLEncoding.h"; path = "cordova-plugin-x-socialsharing/NSString+SSURLEncoding.h"; sourceTree = "<group>"; };
		DD2CB43FA3554111B8154696 /* AFURLSessionManager.h */ = {isa = PBXFileReference; explicitFileType = undefined; fileEncoding = 4; includeInIndex = 0; lastKnownFileType = sourcecode.c.h; name = AFURLSessionManager.h; path = "cordova-plugin-advanced-http/AFURLSessionManager.h"; sourceTree = "<group>"; };
		DE2DF289FF59496DB45A515B /* UIKit.framework */ = {isa = PBXFileReference; explicitFileType = undefined; fileEncoding = 9; includeInIndex = 0; lastKnownFileType = wrapper.framework; name = UIKit.framework; path = System/Library/Frameworks/UIKit.framework; sourceTree = SDKROOT; };
		DF6A68F0BF7D4DF59B32B8B9 /* TextRequestSerializer.m */ = {isa = PBXFileReference; explicitFileType = undefined; fileEncoding = 4; includeInIndex = 0; lastKnownFileType = sourcecode.c.objc; name = TextRequestSerializer.m; path = "cordova-plugin-advanced-http/TextRequestSerializer.m"; sourceTree = "<group>"; };
		E123F59E2E5B41ACB90780E8 /* AFURLResponseSerialization.m */ = {isa = PBXFileReference; explicitFileType = undefined; fileEncoding = 4; includeInIndex = 0; lastKnownFileType = sourcecode.c.objc; name = AFURLResponseSerialization.m; path = "cordova-plugin-advanced-http/AFURLResponseSerialization.m"; sourceTree = "<group>"; };
		E2253B02C0914DEDB5776E1B /* CDVReachability.m */ = {isa = PBXFileReference; explicitFileType = undefined; fileEncoding = 4; includeInIndex = 0; lastKnownFileType = sourcecode.c.objc; name = CDVReachability.m; path = "cordova-plugin-network-information/CDVReachability.m"; sourceTree = "<group>"; };
		E5610B389C6149C9B8C588F0 /* AFSecurityPolicy.h */ = {isa = PBXFileReference; explicitFileType = undefined; fileEncoding = 4; includeInIndex = 0; lastKnownFileType = sourcecode.c.h; name = AFSecurityPolicy.h; path = "cordova-plugin-advanced-http/AFSecurityPolicy.h"; sourceTree = "<group>"; };
		E72B12A599A441B0ADA96662 /* CardIOView.h */ = {isa = PBXFileReference; explicitFileType = undefined; fileEncoding = 4; includeInIndex = 0; lastKnownFileType = sourcecode.c.h; name = CardIOView.h; path = card.io.cordova.mobilesdk/CardIOView.h; sourceTree = "<group>"; };
		E751708ED27044FB970D8023 /* PayPalFuturePaymentViewController.h */ = {isa = PBXFileReference; explicitFileType = undefined; fileEncoding = 4; includeInIndex = 0; lastKnownFileType = sourcecode.c.h; name = PayPalFuturePaymentViewController.h; path = com.paypal.cordova.mobilesdk/PayPalFuturePaymentViewController.h; sourceTree = "<group>"; };
		E82F6C14706748328AD8744C /* CDVExif.h */ = {isa = PBXFileReference; explicitFileType = undefined; fileEncoding = 4; includeInIndex = 0; lastKnownFileType = sourcecode.c.h; name = CDVExif.h; path = "cordova-plugin-camera/CDVExif.h"; sourceTree = "<group>"; };
		E9F53E8128B24E2BB45C3A2E /* Toast.h */ = {isa = PBXFileReference; explicitFileType = undefined; fileEncoding = 4; includeInIndex = 0; lastKnownFileType = sourcecode.c.h; name = Toast.h; path = "cordova-plugin-x-toast/Toast.h"; sourceTree = "<group>"; };
		EB87FDF31871DA8E0020F90C /* www */ = {isa = PBXFileReference; lastKnownFileType = folder; name = www; path = ../../www; sourceTree = "<group>"; };
		EB87FDF41871DAF40020F90C /* config.xml */ = {isa = PBXFileReference; lastKnownFileType = text.xml; name = config.xml; path = ../../config.xml; sourceTree = "<group>"; };
		ECD438EECE794159ABD124EC /* libPayPalMobile.a */ = {isa = PBXFileReference; explicitFileType = undefined; fileEncoding = 9; includeInIndex = 0; lastKnownFileType = archive.ar; name = libPayPalMobile.a; path = ACIF/Plugins/com.paypal.cordova.mobilesdk/libPayPalMobile.a; sourceTree = "<group>"; };
		ED33DF2A687741AEAF9F8254 /* Bridging-Header.h */ = {isa = PBXFileReference; fileEncoding = 4; lastKnownFileType = sourcecode.c.h; path = "Bridging-Header.h"; sourceTree = "<group>"; };
		EE7B5478DEC44AD695BEF100 /* AudioToolbox.framework */ = {isa = PBXFileReference; explicitFileType = undefined; fileEncoding = 9; includeInIndex = 0; lastKnownFileType = wrapper.framework; name = AudioToolbox.framework; path = System/Library/Frameworks/AudioToolbox.framework; sourceTree = SDKROOT; };
		EF90F4CE3A3F4F9B819EF0DC /* libPayPalMobile.a */ = {isa = PBXFileReference; explicitFileType = undefined; fileEncoding = 9; includeInIndex = 0; lastKnownFileType = archive.ar; path = libPayPalMobile.a; sourceTree = "<group>"; };
		EFA465827F81449C9FCBAC34 /* PayPalMobile.h */ = {isa = PBXFileReference; explicitFileType = undefined; fileEncoding = 4; includeInIndex = 0; lastKnownFileType = sourcecode.c.h; name = PayPalMobile.h; path = com.paypal.cordova.mobilesdk/PayPalMobile.h; sourceTree = "<group>"; };
		F451DFA0488A4FD0BB8DF92B /* AFURLResponseSerialization.h */ = {isa = PBXFileReference; explicitFileType = undefined; fileEncoding = 4; includeInIndex = 0; lastKnownFileType = sourcecode.c.h; name = AFURLResponseSerialization.h; path = "cordova-plugin-advanced-http/AFURLResponseSerialization.h"; sourceTree = "<group>"; };
		F5B003384F764C6D9F5770DF /* CDVCamera.h */ = {isa = PBXFileReference; explicitFileType = undefined; fileEncoding = 4; includeInIndex = 0; lastKnownFileType = sourcecode.c.h; name = CDVCamera.h; path = "cordova-plugin-camera/CDVCamera.h"; sourceTree = "<group>"; };
		F840E1F0165FE0F500CFE078 /* config.xml */ = {isa = PBXFileReference; lastKnownFileType = text.xml; name = config.xml; path = ACIF/config.xml; sourceTree = "<group>"; };
/* End PBXFileReference section */

/* Begin PBXFrameworksBuildPhase section */
		1D60588F0D05DD3D006BFB54 /* Frameworks */ = {
			isa = PBXFrameworksBuildPhase;
			buildActionMask = 2147483647;
			files = (
				301BF552109A68D80062928A /* libCordova.a in Frameworks */,
				FDE44EB60B9243C187000DC7 /* libCardIO.a in Frameworks */,
				4E316DA098464EC5A318F418 /* libopencv_core.a in Frameworks */,
				25E712B919544B4193F3D5AC /* libopencv_imgproc.a in Frameworks */,
				4995E90913884B22BA637972 /* Accelerate.framework in Frameworks */,
				4889CFA35E994651AAD78E47 /* AudioToolbox.framework in Frameworks */,
				C1AC47D4C3A948BA8B9E3860 /* AVFoundation.framework in Frameworks */,
				040A103EA66E4B86B1B33FEF /* CoreMedia.framework in Frameworks */,
				F4F13FE451044654AB7759E7 /* CoreVideo.framework in Frameworks */,
				CAE89731DC554A43BBC6A9A5 /* Foundation.framework in Frameworks */,
				83C982371D2649698C72817A /* OpenGLES.framework in Frameworks */,
				17601413D5954943A1E71CC2 /* QuartzCore.framework in Frameworks */,
				28E9061555C64219988C0F89 /* Security.framework in Frameworks */,
				58DFBB0835BE4443921B2B6B /* UIKit.framework in Frameworks */,
				92BBF358A5CA4975A11FA8EE /* libc++.dylib in Frameworks */,
				27D62952D9C34A3980A4BBB0 /* libPayPalMobile.a in Frameworks */,
				EE410E19350C41818DD2F897 /* CFNetwork.framework in Frameworks */,
				C17FF210F64743DBAE43E4AB /* CoreLocation.framework in Frameworks */,
				F17E99CF49E64548996B2CEF /* MessageUI.framework in Frameworks */,
				28ED0305E99943AEBED6054D /* SafariServices.framework in Frameworks */,
				FDA140E269BA4D5F8C977F77 /* SystemConfiguration.framework in Frameworks */,
				5184E689BB624E798C8D91BB /* libPayPalMobile.a in Frameworks */,
				0DFBE38F44524CD1BF1DB11E /* ImageIO.framework in Frameworks */,
				9002BD87E1A24A42921F265B /* CoreTelephony.framework in Frameworks */,
				90A1AEACE5D14480BD660FBE /* Stripe.framework in Frameworks */,
				C1885A4D6E0E4AA9B41B9036 /* Social.framework in Frameworks */,
				A4B4A4EFCAAA5D57188939CC /* libPods-ACIF.a in Frameworks */,
			);
			runOnlyForDeploymentPostprocessing = 0;
		};
/* End PBXFrameworksBuildPhase section */

/* Begin PBXGroup section */
		058688C98BD097F940EE0879 /* Pods */ = {
			isa = PBXGroup;
			children = (
			);
			name = Pods;
			sourceTree = "<group>";
		};
		080E96DDFE201D6D7F000001 /* Classes */ = {
			isa = PBXGroup;
			children = (
				302D95EE14D2391D003F00A1 /* MainViewController.h */,
				302D95EF14D2391D003F00A1 /* MainViewController.m */,
				302D95F014D2391D003F00A1 /* MainViewController.xib */,
				1D3623240D0F684500981E51 /* AppDelegate.h */,
				1D3623250D0F684500981E51 /* AppDelegate.m */,
			);
			name = Classes;
			path = ACIF/Classes;
			sourceTree = SOURCE_ROOT;
		};
		19C28FACFE9D520D11CA2CBB /* Products */ = {
			isa = PBXGroup;
			children = (
				1D6058910D05DD3D006BFB54 /* ACIF.app */,
			);
			name = Products;
			sourceTree = "<group>";
		};
		29B97314FDCFA39411CA2CEA /* CustomTemplate */ = {
			isa = PBXGroup;
			children = (
				EB87FDF41871DAF40020F90C /* config.xml */,
				EB87FDF31871DA8E0020F90C /* www */,
				EB87FDF11871DA420020F90C /* Staging */,
				301BF52D109A57CC0062928A /* CordovaLib/CordovaLib.xcodeproj */,
				080E96DDFE201D6D7F000001 /* Classes */,
				307C750510C5A3420062BCA9 /* Plugins */,
				29B97315FDCFA39411CA2CEA /* Other Sources */,
				29B97317FDCFA39411CA2CEA /* Resources */,
				29B97323FDCFA39411CA2CEA /* Frameworks */,
				19C28FACFE9D520D11CA2CBB /* Products */,
				058688C98BD097F940EE0879 /* Pods */,
			);
			name = CustomTemplate;
			sourceTree = "<group>";
		};
		29B97315FDCFA39411CA2CEA /* Other Sources */ = {
			isa = PBXGroup;
			children = (
				32CA4F630368D1EE00C91783 /* ACIF-Prefix.pch */,
				29B97316FDCFA39411CA2CEA /* main.m */,
				ED33DF2A687741AEAF9F8254 /* Bridging-Header.h */,
			);
			name = "Other Sources";
			path = ACIF;
			sourceTree = "<group>";
		};
		29B97317FDCFA39411CA2CEA /* Resources */ = {
			isa = PBXGroup;
			children = (
				0207DA571B56EA530066E2B4 /* Images.xcassets */,
				3047A50E1AB8057F00498E2A /* config */,
				8D1107310486CEB800E47090 /* ACIF-Info.plist */,
				6AFF5BF81D6E424B00AB3073 /* CDVLaunchScreen.storyboard */,
			);
			name = Resources;
			path = ACIF/Resources;
			sourceTree = "<group>";
		};
		29B97323FDCFA39411CA2CEA /* Frameworks */ = {
			isa = PBXGroup;
			children = (
				3011B489EF08488299C54D91 /* libCardIO.a */,
				4B80204557854E10B0864950 /* libopencv_core.a */,
				43D545FCBFE04C76B3B19F2D /* libopencv_imgproc.a */,
				2EBA7275DE7F4D20B235EC1B /* Accelerate.framework */,
				EE7B5478DEC44AD695BEF100 /* AudioToolbox.framework */,
				104203640ACF49E58B49DE44 /* AVFoundation.framework */,
				74D3F06B274E4B6D8112EEFB /* CoreMedia.framework */,
				B160D37412384B6D9E63FE6C /* CoreVideo.framework */,
				BD2C05C3231B48C7A9F4FA03 /* Foundation.framework */,
				1ABC55D7B09B4BFCB5F06DEB /* OpenGLES.framework */,
				5B270EF750E349079560A838 /* QuartzCore.framework */,
				775E8E28535D4ED29ABCDCC3 /* Security.framework */,
				DE2DF289FF59496DB45A515B /* UIKit.framework */,
				715BF02A3C474033BB5020F9 /* libc++.dylib */,
				ECD438EECE794159ABD124EC /* libPayPalMobile.a */,
				C07F129A57344F2D83AF2CB6 /* CFNetwork.framework */,
				6A00072AA1EB43009ECC9A24 /* CoreLocation.framework */,
				133BE2E690B1462F93EB36A6 /* MessageUI.framework */,
				3EFE999465C44E3BA7D081E8 /* SafariServices.framework */,
				2BB72CFF803C4B09985BE589 /* SystemConfiguration.framework */,
				EF90F4CE3A3F4F9B819EF0DC /* libPayPalMobile.a */,
				BC1EC3BB130E4970954F28A8 /* ImageIO.framework */,
				A140F68AE21949EEB5458A51 /* CoreTelephony.framework */,
				95E9C3EB53FF4D90A27220CC /* Stripe.framework */,
				2DA35E7E66444B16A2FEBFC1 /* Social.framework */,
				060C21C4E562B70DF4F0BC98 /* libPods-ACIF.a */,
			);
			name = Frameworks;
			sourceTree = "<group>";
		};
		301BF52E109A57CC0062928A /* Products */ = {
			isa = PBXGroup;
			children = (
				301BF535109A57CC0062928A /* libCordova.a */,
				DB3A958521E99CF600FF26E6 /* Cordova.framework */,
			);
			name = Products;
			sourceTree = "<group>";
		};
		3047A50E1AB8057F00498E2A /* config */ = {
			isa = PBXGroup;
			children = (
				3047A50F1AB8059700498E2A /* build-debug.xcconfig */,
				3047A5101AB8059700498E2A /* build-release.xcconfig */,
				3047A5111AB8059700498E2A /* build.xcconfig */,
			);
			name = config;
			sourceTree = "<group>";
		};
		307C750510C5A3420062BCA9 /* Plugins */ = {
			isa = PBXGroup;
			children = (
				3654E24063824019902B8501 /* CardIOCordovaPlugin.m */,
				84ADC66C40C34D63A5BC5EB4 /* CardIOCordovaPlugin.h */,
				6223B698E8C64B20BB403A4F /* CardIO.h */,
				66E96184B84647C28C7CF06A /* CardIOCreditCardInfo.h */,
				868E8F7987EA4A5E910B1B92 /* CardIODetectionMode.h */,
				0C320C08DB42454C907B1F41 /* CardIOPaymentViewController.h */,
				8A89349843224638A4C1C75A /* CardIOPaymentViewControllerDelegate.h */,
				D24016904F484747931D3FD9 /* CardIOUtilities.h */,
				E72B12A599A441B0ADA96662 /* CardIOView.h */,
				85B6ACD2DA6945879456683B /* CardIOViewDelegate.h */,
				318EE43943BF4D6AAB017D43 /* PayPalMobileCordovaPlugin.m */,
				C54E13083F324893B19942CD /* PayPalMobileCordovaPlugin.h */,
				C3DDBD479DC44BE085A6B213 /* PayPalConfiguration.h */,
				E751708ED27044FB970D8023 /* PayPalFuturePaymentViewController.h */,
				EFA465827F81449C9FCBAC34 /* PayPalMobile.h */,
				7E05B3BDDA7C424AB822D339 /* PayPalOAuthScopes.h */,
				2F583DB726DA4735B7344521 /* PayPalPayment.h */,
				D06F8458EFC44907823889C8 /* PayPalPaymentViewController.h */,
				85D649790EBE42D5A032B7B2 /* PayPalProfileSharingViewController.h */,
				309CC43746754C60B9EA367B /* CDVFile.m */,
				BC60576BAFF44F6499327F05 /* CDVLocalFilesystem.m */,
				D89A43E0548B47439FD63682 /* CDVAssetLibraryFilesystem.m */,
				D58ED439B4654F17B4E16106 /* CDVFile.h */,
				B783547E1A7348D7BE49AA97 /* CDVLocalFilesystem.h */,
				8022C31A94F743019BA39DBA /* CDVAssetLibraryFilesystem.h */,
				D0D6C83225AA46EA844C785C /* CordovaHttpPlugin.m */,
				ADCFAF36C8BD48E4868C0A90 /* TextResponseSerializer.m */,
				DF6A68F0BF7D4DF59B32B8B9 /* TextRequestSerializer.m */,
				685A68D4C1C44739A96B63FE /* AFHTTPSessionManager.m */,
				081FB721ABC447489955C27A /* AFNetworkReachabilityManager.m */,
				A299045B0C4349AD9EBFD572 /* AFSecurityPolicy.m */,
				B3CF418B900B4316942142B7 /* AFURLRequestSerialization.m */,
				E123F59E2E5B41ACB90780E8 /* AFURLResponseSerialization.m */,
				462C32CCC18041D7B8DE4448 /* AFURLSessionManager.m */,
				239CF5DF398848EABE19CFD9 /* SDNetworkActivityIndicator.m */,
				170A64C9A68C4793AFF40552 /* CordovaHttpPlugin.h */,
				0E77CC15B6F84BE7A69BA8F6 /* TextResponseSerializer.h */,
				3D2C6C86CF7047FAB9DB2F11 /* TextRequestSerializer.h */,
				7DEB8C136D7F4ABF92B189E6 /* AFHTTPSessionManager.h */,
				79B417DB7E0541D3BB6CBBE7 /* AFNetworking.h */,
				09C7CD52927B40D7BF33DDA2 /* AFNetworkReachabilityManager.h */,
				E5610B389C6149C9B8C588F0 /* AFSecurityPolicy.h */,
				4F310E3BCE7D465F9DE5EDD2 /* AFURLRequestSerialization.h */,
				F451DFA0488A4FD0BB8DF92B /* AFURLResponseSerialization.h */,
				DD2CB43FA3554111B8154696 /* AFURLSessionManager.h */,
				1CDD491D65184E309F6EF6CE /* SDNetworkActivityIndicator.h */,
				59E504294A864DD39CBF1598 /* AppVersion.m */,
				82EEC2E0D21B4F48AB280DAA /* AppVersion.h */,
				86B930BABB8A4A65BBB1CA7D /* UIImage+CropScaleOrientation.m */,
				D1FA297727B1468494987564 /* CDVCamera.m */,
				8683BCBBCE0440E98E43105F /* CDVJpegHeaderWriter.m */,
				A3BD3DAC1B5140C8BC94FD6A /* UIImage+CropScaleOrientation.h */,
				F5B003384F764C6D9F5770DF /* CDVCamera.h */,
				0517A268122F437D922128CB /* CDVJpegHeaderWriter.h */,
				E82F6C14706748328AD8744C /* CDVExif.h */,
				53F1D008723447D5B6CDE9BF /* CDVDevice.m */,
				5C5861E0FB0348E2971C287D /* CDVDevice.h */,
				1ADF3CC545B442299F095F61 /* CDVInAppBrowser.m */,
				A3FD76A7E73A4FA9B0712DE6 /* CDVInAppBrowser.h */,
				A955B2F3BF97499991DDAB92 /* CDVConnection.m */,
				E2253B02C0914DEDB5776E1B /* CDVReachability.m */,
				C632D0C0AEB84AE7BF2EEF71 /* CDVConnection.h */,
				DC79BDB8ECA946BB89596E97 /* CDVReachability.h */,
				CDFBBCA69843485F9A16CA03 /* CDVSplashScreen.m */,
				C43192E698D7484B9C07BA19 /* CDVViewController+SplashScreen.m */,
				1908CD82048141D4B6110372 /* CDVSplashScreen.h */,
				83E2AF339F9C443AB0EB772E /* CDVViewController+SplashScreen.h */,
				45DDCDCB9CE24238AD863F49 /* CDVStatusBar.m */,
				4D798BEED73E44E793FC0B27 /* CDVStatusBar.h */,
				489A57EC8AC04FA581F6D57B /* CordovaStripe.m */,
				91A15B3DAB734FD8B7A88FEC /* CordovaStripe.h */,
				B1C64FA5971C482894811D31 /* NSString+SSURLEncoding.m */,
				C58E07576E7B4B2F9D1E477A /* SocialSharing.m */,
				DD00388551D54E2394DD8D7D /* NSString+SSURLEncoding.h */,
				CDFC8B175F22427181E364E2 /* SocialSharing.h */,
				B4418F41E1164240965F70EE /* Toast+UIView.m */,
				D88EFF6C6BD84C409CDB74D7 /* Toast.m */,
				1E68C4DC4AE54D1189CC5ADA /* Toast+UIView.h */,
				E9F53E8128B24E2BB45C3A2E /* Toast.h */,
				1E2C0BB6BC3C442A92876D19 /* IonicKeyboard.m */,
				631A789B10FB410086CBFE5B /* IonicKeyboard.h */,
				0DE44AE5D1B64E819805EAA4 /* OneSignalPush.m */,
				7060BDFEF885472AAFEF84D5 /* OneSignalPush.h */,
			);
			name = Plugins;
			path = ACIF/Plugins;
			sourceTree = SOURCE_ROOT;
		};
		EB87FDF11871DA420020F90C /* Staging */ = {
			isa = PBXGroup;
			children = (
				F840E1F0165FE0F500CFE078 /* config.xml */,
				301BF56E109A69640062928A /* www */,
			);
			name = Staging;
			sourceTree = "<group>";
		};
/* End PBXGroup section */

/* Begin PBXNativeTarget section */
		1D6058900D05DD3D006BFB54 /* ACIF */ = {
			isa = PBXNativeTarget;
			buildConfigurationList = 1D6058960D05DD3E006BFB54 /* Build configuration list for PBXNativeTarget "ACIF" */;
			buildPhases = (
				0BD8AD1B056F82AF07C9D5A8 /* [CP] Check Pods Manifest.lock */,
				304B58A110DAC018002A0835 /* Copy www directory */,
				1D60588D0D05DD3D006BFB54 /* Resources */,
				1D60588E0D05DD3D006BFB54 /* Sources */,
				1D60588F0D05DD3D006BFB54 /* Frameworks */,
			);
			buildRules = (
			);
			dependencies = (
				301BF551109A68C00062928A /* PBXTargetDependency */,
			);
			name = ACIF;
			productName = ACIF;
			productReference = 1D6058910D05DD3D006BFB54 /* ACIF.app */;
			productType = "com.apple.product-type.application";
		};
/* End PBXNativeTarget section */

/* Begin PBXProject section */
		29B97313FDCFA39411CA2CEA /* Project object */ = {
			isa = PBXProject;
			attributes = {
				LastUpgradeCheck = 510;
				TargetAttributes = {
					1D6058900D05DD3D006BFB54 = {
						DevelopmentTeam = 7V2UHW7T5J;
					};
				};
			};
			buildConfigurationList = C01FCF4E08A954540054247B /* Build configuration list for PBXProject "ACIF" */;
			compatibilityVersion = "Xcode 3.2";
			developmentRegion = English;
			hasScannedForEncodings = 1;
			knownRegions = (
				en,
			);
			mainGroup = 29B97314FDCFA39411CA2CEA /* CustomTemplate */;
			productRefGroup = 19C28FACFE9D520D11CA2CBB /* Products */;
			projectDirPath = "";
			projectReferences = (
				{
					ProductGroup = 301BF52E109A57CC0062928A /* Products */;
					ProjectRef = 301BF52D109A57CC0062928A /* CordovaLib/CordovaLib.xcodeproj */;
				},
			);
			projectRoot = "";
			targets = (
				1D6058900D05DD3D006BFB54 /* ACIF */,
			);
		};
/* End PBXProject section */

/* Begin PBXReferenceProxy section */
		301BF535109A57CC0062928A /* libCordova.a */ = {
			isa = PBXReferenceProxy;
			fileType = archive.ar;
			path = libCordova.a;
			remoteRef = 301BF534109A57CC0062928A /* PBXContainerItemProxy */;
			sourceTree = BUILT_PRODUCTS_DIR;
		};
		DB3A958521E99CF600FF26E6 /* Cordova.framework */ = {
			isa = PBXReferenceProxy;
			fileType = wrapper.framework;
			path = Cordova.framework;
			remoteRef = DB3A958421E99CF600FF26E6 /* PBXContainerItemProxy */;
			sourceTree = BUILT_PRODUCTS_DIR;
		};
/* End PBXReferenceProxy section */

/* Begin PBXResourcesBuildPhase section */
		1D60588D0D05DD3D006BFB54 /* Resources */ = {
			isa = PBXResourcesBuildPhase;
			buildActionMask = 2147483647;
			files = (
				302D95F214D2391D003F00A1 /* MainViewController.xib in Resources */,
				0207DA581B56EA530066E2B4 /* Images.xcassets in Resources */,
				6AFF5BF91D6E424B00AB3073 /* CDVLaunchScreen.storyboard in Resources */,
			);
			runOnlyForDeploymentPostprocessing = 0;
		};
/* End PBXResourcesBuildPhase section */

/* Begin PBXShellScriptBuildPhase section */
		0BD8AD1B056F82AF07C9D5A8 /* [CP] Check Pods Manifest.lock */ = {
			isa = PBXShellScriptBuildPhase;
			buildActionMask = 2147483647;
			files = (
			);
			inputFileListPaths = (
			);
			inputPaths = (
				"${PODS_PODFILE_DIR_PATH}/Podfile.lock",
				"${PODS_ROOT}/Manifest.lock",
			);
			name = "[CP] Check Pods Manifest.lock";
			outputFileListPaths = (
			);
			outputPaths = (
				"$(DERIVED_FILE_DIR)/Pods-ACIF-checkManifestLockResult.txt",
			);
			runOnlyForDeploymentPostprocessing = 0;
			shellPath = /bin/sh;
			shellScript = "diff \"${PODS_PODFILE_DIR_PATH}/Podfile.lock\" \"${PODS_ROOT}/Manifest.lock\" > /dev/null\nif [ $? != 0 ] ; then\n    # print error to STDERR\n    echo \"error: The sandbox is not in sync with the Podfile.lock. Run 'pod install' or update your CocoaPods installation.\" >&2\n    exit 1\nfi\n# This output is used by Xcode 'outputs' to avoid re-running this script phase.\necho \"SUCCESS\" > \"${SCRIPT_OUTPUT_FILE_0}\"\n";
			showEnvVarsInLog = 0;
		};
		304B58A110DAC018002A0835 /* Copy www directory */ = {
			isa = PBXShellScriptBuildPhase;
			buildActionMask = 2147483647;
			files = (
			);
			inputPaths = (
			);
			name = "Copy www directory";
			outputPaths = (
			);
			runOnlyForDeploymentPostprocessing = 0;
			shellPath = /bin/sh;
			shellScript = "NODEJS_PATH=/usr/local/bin; NVM_NODE_PATH=~/.nvm/versions/node/`nvm version 2>/dev/null`/bin; N_NODE_PATH=`find /usr/local/n/versions/node/* -maxdepth 0 -type d 2>/dev/null | tail -1`/bin; XCODE_NODE_PATH=`xcode-select --print-path`/usr/share/xcs/Node/bin; PATH=$NODEJS_PATH:$NVM_NODE_PATH:$N_NODE_PATH:$XCODE_NODE_PATH:$PATH && node cordova/lib/copy-www-build-step.js";
			showEnvVarsInLog = 0;
		};
/* End PBXShellScriptBuildPhase section */

/* Begin PBXSourcesBuildPhase section */
		1D60588E0D05DD3D006BFB54 /* Sources */ = {
			isa = PBXSourcesBuildPhase;
			buildActionMask = 2147483647;
			files = (
				1D60589B0D05DD56006BFB54 /* main.m in Sources */,
				1D3623260D0F684500981E51 /* AppDelegate.m in Sources */,
				302D95F114D2391D003F00A1 /* MainViewController.m in Sources */,
				A286855485D049CAAAE02AED /* CardIOCordovaPlugin.m in Sources */,
				119DCF6F92204A68ACF75B95 /* PayPalMobileCordovaPlugin.m in Sources */,
				FDF665417C5B48A9BE0A9489 /* CDVFile.m in Sources */,
				8D0D77A47E9F4503943BAAAB /* CDVLocalFilesystem.m in Sources */,
				79838A61EC8E4FC19AD22BFC /* CDVAssetLibraryFilesystem.m in Sources */,
				3EC4AE962F914C76A5A652E8 /* CordovaHttpPlugin.m in Sources */,
				B85FD52850804E5C83D27F4F /* TextResponseSerializer.m in Sources */,
				9CFD047B5DBC4ADF990C9849 /* TextRequestSerializer.m in Sources */,
				4E4B0FDFE3AA411B8AE272DC /* AFHTTPSessionManager.m in Sources */,
				3AD89903CA6145F39956CB93 /* AFNetworkReachabilityManager.m in Sources */,
				3F93289FEBCB4A2C8BEED359 /* AFSecurityPolicy.m in Sources */,
				417DA903854546D1A6439A96 /* AFURLRequestSerialization.m in Sources */,
				99CC045728C04F72BBAAE4A6 /* AFURLResponseSerialization.m in Sources */,
				FB78DDE38BE6493DB4BA818F /* AFURLSessionManager.m in Sources */,
				691CB71C0BD84CC092664E5D /* SDNetworkActivityIndicator.m in Sources */,
				622E1206294246169227A4B4 /* AppVersion.m in Sources */,
				D2050DC416D24171960696E5 /* UIImage+CropScaleOrientation.m in Sources */,
				1D691B285BC54A45AEAE587E /* CDVCamera.m in Sources */,
				1CCD231829B04C12B619F0C1 /* CDVJpegHeaderWriter.m in Sources */,
				7F77F528BEEB42FEA759A434 /* CDVDevice.m in Sources */,
				1302CD5C21414FB79A0A8DC4 /* CDVInAppBrowser.m in Sources */,
				C1404D0AC7ED4E6E8F34A686 /* CDVConnection.m in Sources */,
				FBEE8D947D2D4DABB93E5EA6 /* CDVReachability.m in Sources */,
				EF8746FEE2C240058411310C /* CDVSplashScreen.m in Sources */,
				4EF134D202A442F9B42E7B3F /* CDVViewController+SplashScreen.m in Sources */,
				D4798034CE1E4A37A8B4C164 /* CDVStatusBar.m in Sources */,
				8C9A75740BB64C59A0CDFC67 /* CordovaStripe.m in Sources */,
				7A5A880546FB47B391784AA6 /* NSString+SSURLEncoding.m in Sources */,
				87C03F2DBDB643E29CB80E7D /* SocialSharing.m in Sources */,
				75B43FA296434581BC9D9714 /* Toast+UIView.m in Sources */,
				63AE4B17059E4586832EB611 /* Toast.m in Sources */,
				912DF94DACC7465595D42C26 /* IonicKeyboard.m in Sources */,
				B6A7198E74754A4096395BF0 /* OneSignalPush.m in Sources */,
			);
			runOnlyForDeploymentPostprocessing = 0;
		};
/* End PBXSourcesBuildPhase section */

/* Begin PBXTargetDependency section */
		301BF551109A68C00062928A /* PBXTargetDependency */ = {
			isa = PBXTargetDependency;
			name = CordovaLib;
			targetProxy = 301BF550109A68C00062928A /* PBXContainerItemProxy */;
		};
/* End PBXTargetDependency section */

/* Begin XCBuildConfiguration section */
		1D6058940D05DD3E006BFB54 /* Debug */ = {
			isa = XCBuildConfiguration;
			baseConfigurationReference = 3047A50F1AB8059700498E2A /* build-debug.xcconfig */;
			buildSettings = {
				ALWAYS_SEARCH_USER_PATHS = NO;
				ASSETCATALOG_COMPILER_APPICON_NAME = AppIcon;
				ASSETCATALOG_COMPILER_LAUNCHIMAGE_NAME = LaunchImage;
				CLANG_ENABLE_MODULES = YES;
				CLANG_ENABLE_OBJC_ARC = YES;
				CODE_SIGN_IDENTITY = "iPhone Developer";
				COPY_PHASE_STRIP = NO;
				DEVELOPMENT_TEAM = 7V2UHW7T5J;
				FRAMEWORK_SEARCH_PATHS = (
					"$(inherited)",
					"\"ACIF/Plugins/cordova-plugin-stripe\"",
				);
				GCC_DYNAMIC_NO_PIC = NO;
				GCC_OPTIMIZATION_LEVEL = 0;
				GCC_PRECOMPILE_PREFIX_HEADER = YES;
				GCC_PREFIX_HEADER = "ACIF/ACIF-Prefix.pch";
				GCC_THUMB_SUPPORT = NO;
				GCC_VERSION = "";
				INFOPLIST_FILE = "ACIF/ACIF-Info.plist";
				IPHONEOS_DEPLOYMENT_TARGET = 9.0;
				LD_RUNPATH_SEARCH_PATHS = "@executable_path/Frameworks";
				LIBRARY_SEARCH_PATHS = (
					"$(inherited)",
					"\"$(SRCROOT)/ACIF/Plugins/card.io.cordova.mobilesdk\"",
					"\"$(SRCROOT)/ACIF/Plugins/card.io.cordova.mobilesdk\"",
					"\"$(SRCROOT)/ACIF/Plugins/card.io.cordova.mobilesdk\"",
					"\"$(SRCROOT)/ACIF/Plugins/com.paypal.cordova.mobilesdk\"",
				);
				PRODUCT_NAME = ACIF;
				TARGETED_DEVICE_FAMILY = "1,2";
			};
			name = Debug;
		};
		1D6058950D05DD3E006BFB54 /* Release */ = {
			isa = XCBuildConfiguration;
			baseConfigurationReference = 3047A5101AB8059700498E2A /* build-release.xcconfig */;
			buildSettings = {
				ALWAYS_SEARCH_USER_PATHS = NO;
				ASSETCATALOG_COMPILER_APPICON_NAME = AppIcon;
				ASSETCATALOG_COMPILER_LAUNCHIMAGE_NAME = LaunchImage;
				CLANG_ENABLE_MODULES = YES;
				CLANG_ENABLE_OBJC_ARC = YES;
				CODE_SIGN_IDENTITY = "iPhone Developer";
				COPY_PHASE_STRIP = YES;
				DEVELOPMENT_TEAM = 7V2UHW7T5J;
				FRAMEWORK_SEARCH_PATHS = (
					"$(inherited)",
					"\"ACIF/Plugins/cordova-plugin-stripe\"",
				);
				GCC_PRECOMPILE_PREFIX_HEADER = YES;
				GCC_PREFIX_HEADER = "ACIF/ACIF-Prefix.pch";
				GCC_THUMB_SUPPORT = NO;
				GCC_VERSION = "";
				INFOPLIST_FILE = "ACIF/ACIF-Info.plist";
				IPHONEOS_DEPLOYMENT_TARGET = 9.0;
				LD_RUNPATH_SEARCH_PATHS = "@executable_path/Frameworks";
				LIBRARY_SEARCH_PATHS = (
					"$(inherited)",
					"\"$(SRCROOT)/ACIF/Plugins/card.io.cordova.mobilesdk\"",
					"\"$(SRCROOT)/ACIF/Plugins/card.io.cordova.mobilesdk\"",
					"\"$(SRCROOT)/ACIF/Plugins/card.io.cordova.mobilesdk\"",
					"\"$(SRCROOT)/ACIF/Plugins/com.paypal.cordova.mobilesdk\"",
				);
				PRODUCT_NAME = ACIF;
				TARGETED_DEVICE_FAMILY = "1,2";
			};
			name = Release;
		};
		C01FCF4F08A954540054247B /* Debug */ = {
			isa = XCBuildConfiguration;
			baseConfigurationReference = 3047A5111AB8059700498E2A /* build.xcconfig */;
			buildSettings = {
				CLANG_ENABLE_MODULES = YES;
				CLANG_ENABLE_OBJC_ARC = YES;
				CLANG_WARN_BOOL_CONVERSION = YES;
				CLANG_WARN_CONSTANT_CONVERSION = YES;
				CLANG_WARN_EMPTY_BODY = YES;
				CLANG_WARN_ENUM_CONVERSION = YES;
				CLANG_WARN_INT_CONVERSION = YES;
				CLANG_WARN__DUPLICATE_METHOD_MATCH = YES;
				GCC_C_LANGUAGE_STANDARD = c99;
				GCC_THUMB_SUPPORT = NO;
				GCC_VERSION = "";
				GCC_WARN_ABOUT_RETURN_TYPE = YES;
				GCC_WARN_UNDECLARED_SELECTOR = YES;
				GCC_WARN_UNINITIALIZED_AUTOS = YES;
				GCC_WARN_UNUSED_FUNCTION = YES;
				GCC_WARN_UNUSED_VARIABLE = YES;
				ONLY_ACTIVE_ARCH = YES;
				SDKROOT = iphoneos;
				SKIP_INSTALL = NO;
			};
			name = Debug;
		};
		C01FCF5008A954540054247B /* Release */ = {
			isa = XCBuildConfiguration;
			baseConfigurationReference = 3047A5111AB8059700498E2A /* build.xcconfig */;
			buildSettings = {
				CLANG_ENABLE_MODULES = YES;
				CLANG_ENABLE_OBJC_ARC = YES;
				CLANG_WARN_BOOL_CONVERSION = YES;
				CLANG_WARN_CONSTANT_CONVERSION = YES;
				CLANG_WARN_EMPTY_BODY = YES;
				CLANG_WARN_ENUM_CONVERSION = YES;
				CLANG_WARN_INT_CONVERSION = YES;
				CLANG_WARN__DUPLICATE_METHOD_MATCH = YES;
				GCC_C_LANGUAGE_STANDARD = c99;
				GCC_THUMB_SUPPORT = NO;
				GCC_VERSION = "";
				GCC_WARN_ABOUT_RETURN_TYPE = YES;
				GCC_WARN_UNDECLARED_SELECTOR = YES;
				GCC_WARN_UNINITIALIZED_AUTOS = YES;
				GCC_WARN_UNUSED_FUNCTION = YES;
				GCC_WARN_UNUSED_VARIABLE = YES;
				SDKROOT = iphoneos;
				SKIP_INSTALL = NO;
			};
			name = Release;
		};
/* End XCBuildConfiguration section */

/* Begin XCConfigurationList section */
		1D6058960D05DD3E006BFB54 /* Build configuration list for PBXNativeTarget "ACIF" */ = {
			isa = XCConfigurationList;
			buildConfigurations = (
				1D6058940D05DD3E006BFB54 /* Debug */,
				1D6058950D05DD3E006BFB54 /* Release */,
			);
			defaultConfigurationIsVisible = 0;
			defaultConfigurationName = Release;
		};
		C01FCF4E08A954540054247B /* Build configuration list for PBXProject "ACIF" */ = {
			isa = XCConfigurationList;
			buildConfigurations = (
				C01FCF4F08A954540054247B /* Debug */,
				C01FCF5008A954540054247B /* Release */,
			);
			defaultConfigurationIsVisible = 0;
			defaultConfigurationName = Release;
		};
/* End XCConfigurationList section */
	};
	rootObject = 29B97313FDCFA39411CA2CEA /* Project object */;
}
